Microsoft Visual Studio Solution File, Format Version 12.00
# Visual Studio 2013
VisualStudioVersion = 12.0.30723.0
MinimumVisualStudioVersion = 10.0.40219.1
Project("{2150E333-8FDC-42A3-9474-1A3956D46DE8}") = "Utils", "Utils", "{49156BD8-E703-49A1-B401-82970D8DF1B6}"
EndProject
Project("{8BC9CEB8-8B4A-11D0-8D11-00A0C91BC942}") = "MT4Sync", "Utils\MT4Sync\MT4Sync\MT4Sync.vcxproj", "{26096F77-AC83-4E30-A85B-B6AEB5E065F7}"
EndProject
Project("{2150E333-8FDC-42A3-9474-1A3956D46DE8}") = "MT4Sync", "MT4Sync", "{25065209-803F-473E-8F0C-182FF0D6AAEA}"
	ProjectSection(SolutionItems) = preProject
		Utils\MT4Sync\tools\SetupDb.sql = Utils\MT4Sync\tools\SetupDb.sql
	EndProjectSection
EndProject
Project("{2150E333-8FDC-42A3-9474-1A3956D46DE8}") = "Tools", "Tools", "{A4324E98-D72B-43E3-B7C8-96E65AF18837}"
	ProjectSection(SolutionItems) = preProject
		Utils\MT4Sync\tools\SetupDb.sql = Utils\MT4Sync\tools\SetupDb.sql
	EndProjectSection
EndProject
Project("{2150E333-8FDC-42A3-9474-1A3956D46DE8}") = "Mql4", "Mql4", "{A7E1D393-E0BF-42C7-9B88-441D89141C20}"
	ProjectSection(SolutionItems) = preProject
		Utils\MT4Sync\mt4\MT4Sync.mq4 = Utils\MT4Sync\mt4\MT4Sync.mq4
	EndProjectSection
EndProject
Project("{F2A71F9B-5D33-465A-A702-920D77279786}") = "Ultima.Core", "Ultima.Core\Ultima.Core.fsproj", "{59990802-AF5D-4F25-939A-DD494F3D0ABB}"
EndProject
Project("{2150E333-8FDC-42A3-9474-1A3956D46DE8}") = "Connectors", "Connectors", "{0AB68D0F-47A3-4A2B-926F-7B442D78FE86}"
EndProject
Project("{2150E333-8FDC-42A3-9474-1A3956D46DE8}") = "MT4", "MT4", "{CC3FB89D-415A-4B47-A345-823B98D8CEF6}"
EndProject
Project("{2150E333-8FDC-42A3-9474-1A3956D46DE8}") = "Scripts", "Scripts", "{B5EF872F-9609-49ED-9C46-00E3637C20B8}"
	ProjectSection(SolutionItems) = preProject
		Connectors\MT4\Scripts\Common.mq4 = Connectors\MT4\Scripts\Common.mq4
		Connectors\MT4\Scripts\Common.mqh = Connectors\MT4\Scripts\Common.mqh
		Connectors\MT4\Scripts\UltimaConnector.Common.mqh = Connectors\MT4\Scripts\UltimaConnector.Common.mqh
		Connectors\MT4\Scripts\UltimaConnector.mq4 = Connectors\MT4\Scripts\UltimaConnector.mq4
		Connectors\MT4\Scripts\UltimaConnector.mqh = Connectors\MT4\Scripts\UltimaConnector.mqh
		Connectors\MT4\Scripts\UltimaConnector.Native.mqh = Connectors\MT4\Scripts\UltimaConnector.Native.mqh
	EndProjectSection
EndProject
Project("{8BC9CEB8-8B4A-11D0-8D11-00A0C91BC942}") = "UltimaConnector", "Connectors\MT4\UltimaConnector\UltimaConnector.vcxproj", "{1BAF596F-4CF1-42C2-BB92-75886025D422}"
EndProject
Project("{FAE04EC0-301F-11D3-BF4B-00C04F79EFBC}") = "Ultima.MT4.Packets", "Connectors\MT4\Ultima.MT4.Packets\Ultima.MT4.Packets.csproj", "{B9090990-F2F5-43EC-9293-7C39EF5A8478}"
EndProject
Project("{F2A71F9B-5D33-465A-A702-920D77279786}") = "Ultima.Core.API", "Ultima.Core.API\Ultima.Core.API.fsproj", "{38D18689-EE5E-4154-8868-A1266D3767A0}"
EndProject
Project("{F2A71F9B-5D33-465A-A702-920D77279786}") = "Ultima", "Ultima\Ultima.fsproj", "{07988F21-67D4-4CC2-AB35-94ACBF07B546}"
EndProject
Project("{2150E333-8FDC-42A3-9474-1A3956D46DE8}") = "SamplePlugins", "SamplePlugins", "{4A2E2058-6295-4015-997B-CA1E95288F6D}"
EndProject
Project("{F2A71F9B-5D33-465A-A702-920D77279786}") = "TickLogger", "SamplePlugins\TickLogger\TickLogger.fsproj", "{266664A4-3424-4C0F-8D57-B5121595A896}"
EndProject
Project("{2150E333-8FDC-42A3-9474-1A3956D46DE8}") = "Build", "Build", "{631893D4-21C0-46F0-867F-98DCB7FA9DC7}"
	ProjectSection(SolutionItems) = preProject
		Build.fsx = Build.fsx
		Install-MT4-Connector.fsx = Install-MT4-Connector.fsx
	EndProjectSection
EndProject
Global
	GlobalSection(SolutionConfigurationPlatforms) = preSolution
		Debug|Any CPU = Debug|Any CPU
		Debug|Mixed Platforms = Debug|Mixed Platforms
		Debug|Win32 = Debug|Win32
		Release|Any CPU = Release|Any CPU
		Release|Mixed Platforms = Release|Mixed Platforms
		Release|Win32 = Release|Win32
	EndGlobalSection
	GlobalSection(ProjectConfigurationPlatforms) = postSolution
		{26096F77-AC83-4E30-A85B-B6AEB5E065F7}.Debug|Any CPU.ActiveCfg = Debug|Win32
		{26096F77-AC83-4E30-A85B-B6AEB5E065F7}.Debug|Mixed Platforms.ActiveCfg = Debug|Win32
		{26096F77-AC83-4E30-A85B-B6AEB5E065F7}.Debug|Mixed Platforms.Build.0 = Debug|Win32
		{26096F77-AC83-4E30-A85B-B6AEB5E065F7}.Debug|Win32.ActiveCfg = Debug|Win32
		{26096F77-AC83-4E30-A85B-B6AEB5E065F7}.Debug|Win32.Build.0 = Debug|Win32
		{26096F77-AC83-4E30-A85B-B6AEB5E065F7}.Release|Any CPU.ActiveCfg = Release|Win32
		{26096F77-AC83-4E30-A85B-B6AEB5E065F7}.Release|Mixed Platforms.ActiveCfg = Release|Win32
		{26096F77-AC83-4E30-A85B-B6AEB5E065F7}.Release|Mixed Platforms.Build.0 = Release|Win32
		{26096F77-AC83-4E30-A85B-B6AEB5E065F7}.Release|Win32.ActiveCfg = Release|Win32
		{26096F77-AC83-4E30-A85B-B6AEB5E065F7}.Release|Win32.Build.0 = Release|Win32
		{59990802-AF5D-4F25-939A-DD494F3D0ABB}.Debug|Any CPU.ActiveCfg = Debug|Any CPU
		{59990802-AF5D-4F25-939A-DD494F3D0ABB}.Debug|Any CPU.Build.0 = Debug|Any CPU
		{59990802-AF5D-4F25-939A-DD494F3D0ABB}.Debug|Mixed Platforms.ActiveCfg = Debug|Any CPU
		{59990802-AF5D-4F25-939A-DD494F3D0ABB}.Debug|Mixed Platforms.Build.0 = Debug|Any CPU
		{59990802-AF5D-4F25-939A-DD494F3D0ABB}.Debug|Win32.ActiveCfg = Debug|Any CPU
		{59990802-AF5D-4F25-939A-DD494F3D0ABB}.Release|Any CPU.ActiveCfg = Release|Any CPU
		{59990802-AF5D-4F25-939A-DD494F3D0ABB}.Release|Any CPU.Build.0 = Release|Any CPU
		{59990802-AF5D-4F25-939A-DD494F3D0ABB}.Release|Mixed Platforms.ActiveCfg = Release|Any CPU
		{59990802-AF5D-4F25-939A-DD494F3D0ABB}.Release|Mixed Platforms.Build.0 = Release|Any CPU
		{59990802-AF5D-4F25-939A-DD494F3D0ABB}.Release|Win32.ActiveCfg = Release|Any CPU
		{1BAF596F-4CF1-42C2-BB92-75886025D422}.Debug|Any CPU.ActiveCfg = Debug|Win32
		{1BAF596F-4CF1-42C2-BB92-75886025D422}.Debug|Mixed Platforms.ActiveCfg = Debug|Win32
		{1BAF596F-4CF1-42C2-BB92-75886025D422}.Debug|Mixed Platforms.Build.0 = Debug|Win32
		{1BAF596F-4CF1-42C2-BB92-75886025D422}.Debug|Win32.ActiveCfg = Debug|Win32
		{1BAF596F-4CF1-42C2-BB92-75886025D422}.Debug|Win32.Build.0 = Debug|Win32
		{1BAF596F-4CF1-42C2-BB92-75886025D422}.Release|Any CPU.ActiveCfg = Release|Win32
		{1BAF596F-4CF1-42C2-BB92-75886025D422}.Release|Mixed Platforms.ActiveCfg = Release|Win32
		{1BAF596F-4CF1-42C2-BB92-75886025D422}.Release|Mixed Platforms.Build.0 = Release|Win32
		{1BAF596F-4CF1-42C2-BB92-75886025D422}.Release|Win32.ActiveCfg = Release|Win32
		{1BAF596F-4CF1-42C2-BB92-75886025D422}.Release|Win32.Build.0 = Release|Win32
		{B9090990-F2F5-43EC-9293-7C39EF5A8478}.Debug|Any CPU.ActiveCfg = Debug|Any CPU
		{B9090990-F2F5-43EC-9293-7C39EF5A8478}.Debug|Any CPU.Build.0 = Debug|Any CPU
		{B9090990-F2F5-43EC-9293-7C39EF5A8478}.Debug|Mixed Platforms.ActiveCfg = Debug|Any CPU
		{B9090990-F2F5-43EC-9293-7C39EF5A8478}.Debug|Mixed Platforms.Build.0 = Debug|Any CPU
		{B9090990-F2F5-43EC-9293-7C39EF5A8478}.Debug|Win32.ActiveCfg = Debug|Any CPU
		{B9090990-F2F5-43EC-9293-7C39EF5A8478}.Release|Any CPU.ActiveCfg = Release|Any CPU
		{B9090990-F2F5-43EC-9293-7C39EF5A8478}.Release|Any CPU.Build.0 = Release|Any CPU
		{B9090990-F2F5-43EC-9293-7C39EF5A8478}.Release|Mixed Platforms.ActiveCfg = Release|Any CPU
		{B9090990-F2F5-43EC-9293-7C39EF5A8478}.Release|Mixed Platforms.Build.0 = Release|Any CPU
		{B9090990-F2F5-43EC-9293-7C39EF5A8478}.Release|Win32.ActiveCfg = Release|Any CPU
		{38D18689-EE5E-4154-8868-A1266D3767A0}.Debug|Any CPU.ActiveCfg = Debug|Any CPU
		{38D18689-EE5E-4154-8868-A1266D3767A0}.Debug|Any CPU.Build.0 = Debug|Any CPU
		{38D18689-EE5E-4154-8868-A1266D3767A0}.Debug|Mixed Platforms.ActiveCfg = Debug|Any CPU
		{38D18689-EE5E-4154-8868-A1266D3767A0}.Debug|Mixed Platforms.Build.0 = Debug|Any CPU
		{38D18689-EE5E-4154-8868-A1266D3767A0}.Debug|Win32.ActiveCfg = Debug|Any CPU
		{38D18689-EE5E-4154-8868-A1266D3767A0}.Release|Any CPU.ActiveCfg = Release|Any CPU
		{38D18689-EE5E-4154-8868-A1266D3767A0}.Release|Any CPU.Build.0 = Release|Any CPU
		{38D18689-EE5E-4154-8868-A1266D3767A0}.Release|Mixed Platforms.ActiveCfg = Release|Any CPU
		{38D18689-EE5E-4154-8868-A1266D3767A0}.Release|Mixed Platforms.Build.0 = Release|Any CPU
		{38D18689-EE5E-4154-8868-A1266D3767A0}.Release|Win32.ActiveCfg = Release|Any CPU
		{07988F21-67D4-4CC2-AB35-94ACBF07B546}.Debug|Any CPU.ActiveCfg = Debug|Any CPU
		{07988F21-67D4-4CC2-AB35-94ACBF07B546}.Debug|Any CPU.Build.0 = Debug|Any CPU
		{07988F21-67D4-4CC2-AB35-94ACBF07B546}.Debug|Mixed Platforms.ActiveCfg = Debug|Any CPU
		{07988F21-67D4-4CC2-AB35-94ACBF07B546}.Debug|Mixed Platforms.Build.0 = Debug|Any CPU
		{07988F21-67D4-4CC2-AB35-94ACBF07B546}.Debug|Win32.ActiveCfg = Debug|Any CPU
		{07988F21-67D4-4CC2-AB35-94ACBF07B546}.Release|Any CPU.ActiveCfg = Release|Any CPU
		{07988F21-67D4-4CC2-AB35-94ACBF07B546}.Release|Any CPU.Build.0 = Release|Any CPU
		{07988F21-67D4-4CC2-AB35-94ACBF07B546}.Release|Mixed Platforms.ActiveCfg = Release|Any CPU
		{07988F21-67D4-4CC2-AB35-94ACBF07B546}.Release|Mixed Platforms.Build.0 = Release|Any CPU
		{07988F21-67D4-4CC2-AB35-94ACBF07B546}.Release|Win32.ActiveCfg = Release|Any CPU
		{266664A4-3424-4C0F-8D57-B5121595A896}.Debug|Any CPU.ActiveCfg = Debug|Any CPU
		{266664A4-3424-4C0F-8D57-B5121595A896}.Debug|Any CPU.Build.0 = Debug|Any CPU
		{266664A4-3424-4C0F-8D57-B5121595A896}.Debug|Mixed Platforms.ActiveCfg = Debug|Any CPU
		{266664A4-3424-4C0F-8D57-B5121595A896}.Debug|Mixed Platforms.Build.0 = Debug|Any CPU
		{266664A4-3424-4C0F-8D57-B5121595A896}.Debug|Win32.ActiveCfg = Debug|Any CPU
		{266664A4-3424-4C0F-8D57-B5121595A896}.Release|Any CPU.ActiveCfg = Release|Any CPU
		{266664A4-3424-4C0F-8D57-B5121595A896}.Release|Any CPU.Build.0 = Release|Any CPU
		{266664A4-3424-4C0F-8D57-B5121595A896}.Release|Mixed Platforms.ActiveCfg = Release|Any CPU
		{266664A4-3424-4C0F-8D57-B5121595A896}.Release|Mixed Platforms.Build.0 = Release|Any CPU
		{266664A4-3424-4C0F-8D57-B5121595A896}.Release|Win32.ActiveCfg = Release|Any CPU
	EndGlobalSection
	GlobalSection(SolutionProperties) = preSolution
		HideSolutionNode = FALSE
	EndGlobalSection
	GlobalSection(NestedProjects) = preSolution
		{26096F77-AC83-4E30-A85B-B6AEB5E065F7} = {25065209-803F-473E-8F0C-182FF0D6AAEA}
		{25065209-803F-473E-8F0C-182FF0D6AAEA} = {49156BD8-E703-49A1-B401-82970D8DF1B6}
		{A4324E98-D72B-43E3-B7C8-96E65AF18837} = {25065209-803F-473E-8F0C-182FF0D6AAEA}
		{A7E1D393-E0BF-42C7-9B88-441D89141C20} = {25065209-803F-473E-8F0C-182FF0D6AAEA}
		{CC3FB89D-415A-4B47-A345-823B98D8CEF6} = {0AB68D0F-47A3-4A2B-926F-7B442D78FE86}
		{B5EF872F-9609-49ED-9C46-00E3637C20B8} = {CC3FB89D-415A-4B47-A345-823B98D8CEF6}
		{1BAF596F-4CF1-42C2-BB92-75886025D422} = {CC3FB89D-415A-4B47-A345-823B98D8CEF6}
		{B9090990-F2F5-43EC-9293-7C39EF5A8478} = {CC3FB89D-415A-4B47-A345-823B98D8CEF6}
		{266664A4-3424-4C0F-8D57-B5121595A896} = {4A2E2058-6295-4015-997B-CA1E95288F6D}
	EndGlobalSection
	GlobalSection(Performance) = preSolution
		HasPerformanceSessions = true
	EndGlobalSection
EndGlobal
