
Microsoft Visual Studio Solution File, Format Version 12.00
# Visual Studio 2013
VisualStudioVersion = 12.0.30501.0
MinimumVisualStudioVersion = 10.0.40219.1
Project("{2150E333-8FDC-42A3-9474-1A3956D46DE8}") = "Utils", "Utils", "{49156BD8-E703-49A1-B401-82970D8DF1B6}"
EndProject
Project("{8BC9CEB8-8B4A-11D0-8D11-00A0C91BC942}") = "MT4Sync", "Utils\MT4Sync\MT4Sync\MT4Sync.vcxproj", "{26096F77-AC83-4E30-A85B-B6AEB5E065F7}"
EndProject
Project("{2150E333-8FDC-42A3-9474-1A3956D46DE8}") = "MT4Sync", "MT4Sync", "{25065209-803F-473E-8F0C-182FF0D6AAEA}"
	ProjectSection(SolutionItems) = preProject
		Utils\MT4Sync\tools\SetupDb.sql = Utils\MT4Sync\tools\SetupDb.sql
	EndProjectSection
EndProject
Project("{2150E333-8FDC-42A3-9474-1A3956D46DE8}") = "Tools", "Tools", "{A4324E98-D72B-43E3-B7C8-96E65AF18837}"
	ProjectSection(SolutionItems) = preProject
		Utils\MT4Sync\tools\SetupDb.sql = Utils\MT4Sync\tools\SetupDb.sql
	EndProjectSection
EndProject
Project("{2150E333-8FDC-42A3-9474-1A3956D46DE8}") = "Mql4", "Mql4", "{A7E1D393-E0BF-42C7-9B88-441D89141C20}"
	ProjectSection(SolutionItems) = preProject
		Utils\MT4Sync\mt4\MT4Sync.mq4 = Utils\MT4Sync\mt4\MT4Sync.mq4
	EndProjectSection
EndProject
Project("{F2A71F9B-5D33-465A-A702-920D77279786}") = "Ultima.Core", "Ultima.Core\Ultima.Core.fsproj", "{59990802-AF5D-4F25-939A-DD494F3D0ABB}"
EndProject
Global
	GlobalSection(SolutionConfigurationPlatforms) = preSolution
		Debug|Any CPU = Debug|Any CPU
		Debug|Mixed Platforms = Debug|Mixed Platforms
		Debug|Win32 = Debug|Win32
		Release|Any CPU = Release|Any CPU
		Release|Mixed Platforms = Release|Mixed Platforms
		Release|Win32 = Release|Win32
	EndGlobalSection
	GlobalSection(ProjectConfigurationPlatforms) = postSolution
		{26096F77-AC83-4E30-A85B-B6AEB5E065F7}.Debug|Any CPU.ActiveCfg = Debug|Win32
		{26096F77-AC83-4E30-A85B-B6AEB5E065F7}.Debug|Mixed Platforms.ActiveCfg = Debug|Win32
		{26096F77-AC83-4E30-A85B-B6AEB5E065F7}.Debug|Mixed Platforms.Build.0 = Debug|Win32
		{26096F77-AC83-4E30-A85B-B6AEB5E065F7}.Debug|Win32.ActiveCfg = Debug|Win32
		{26096F77-AC83-4E30-A85B-B6AEB5E065F7}.Debug|Win32.Build.0 = Debug|Win32
		{26096F77-AC83-4E30-A85B-B6AEB5E065F7}.Release|Any CPU.ActiveCfg = Release|Win32
		{26096F77-AC83-4E30-A85B-B6AEB5E065F7}.Release|Mixed Platforms.ActiveCfg = Release|Win32
		{26096F77-AC83-4E30-A85B-B6AEB5E065F7}.Release|Mixed Platforms.Build.0 = Release|Win32
		{26096F77-AC83-4E30-A85B-B6AEB5E065F7}.Release|Win32.ActiveCfg = Release|Win32
		{26096F77-AC83-4E30-A85B-B6AEB5E065F7}.Release|Win32.Build.0 = Release|Win32
		{59990802-AF5D-4F25-939A-DD494F3D0ABB}.Debug|Any CPU.ActiveCfg = Debug|Any CPU
		{59990802-AF5D-4F25-939A-DD494F3D0ABB}.Debug|Any CPU.Build.0 = Debug|Any CPU
		{59990802-AF5D-4F25-939A-DD494F3D0ABB}.Debug|Mixed Platforms.ActiveCfg = Debug|Any CPU
		{59990802-AF5D-4F25-939A-DD494F3D0ABB}.Debug|Mixed Platforms.Build.0 = Debug|Any CPU
		{59990802-AF5D-4F25-939A-DD494F3D0ABB}.Debug|Win32.ActiveCfg = Debug|Any CPU
		{59990802-AF5D-4F25-939A-DD494F3D0ABB}.Release|Any CPU.ActiveCfg = Release|Any CPU
		{59990802-AF5D-4F25-939A-DD494F3D0ABB}.Release|Any CPU.Build.0 = Release|Any CPU
		{59990802-AF5D-4F25-939A-DD494F3D0ABB}.Release|Mixed Platforms.ActiveCfg = Release|Any CPU
		{59990802-AF5D-4F25-939A-DD494F3D0ABB}.Release|Mixed Platforms.Build.0 = Release|Any CPU
		{59990802-AF5D-4F25-939A-DD494F3D0ABB}.Release|Win32.ActiveCfg = Release|Any CPU
	EndGlobalSection
	GlobalSection(SolutionProperties) = preSolution
		HideSolutionNode = FALSE
	EndGlobalSection
	GlobalSection(NestedProjects) = preSolution
		{26096F77-AC83-4E30-A85B-B6AEB5E065F7} = {25065209-803F-473E-8F0C-182FF0D6AAEA}
		{25065209-803F-473E-8F0C-182FF0D6AAEA} = {49156BD8-E703-49A1-B401-82970D8DF1B6}
		{A4324E98-D72B-43E3-B7C8-96E65AF18837} = {25065209-803F-473E-8F0C-182FF0D6AAEA}
		{A7E1D393-E0BF-42C7-9B88-441D89141C20} = {25065209-803F-473E-8F0C-182FF0D6AAEA}
	EndGlobalSection
EndGlobal
